// !$*UTF8*$!
{
	archiveVersion = 1;
	classes = {
	};
	objectVersion = 56;
	objects = {

/* Begin PBXBuildFile section */
		752972AD2915E40800640747 /* marineView.swift in Sources */ = {isa = PBXBuildFile; fileRef = 752972AC2915E40800640747 /* marineView.swift */; };
		752972B72915E5B900640747 /* freshCommunityView.swift in Sources */ = {isa = PBXBuildFile; fileRef = 752972B62915E5B900640747 /* freshCommunityView.swift */; };
		752972B92915E61200640747 /* freshDiscusView.swift in Sources */ = {isa = PBXBuildFile; fileRef = 752972B82915E61200640747 /* freshDiscusView.swift */; };
		752972BB2915E63E00640747 /* freshCiclidView.swift in Sources */ = {isa = PBXBuildFile; fileRef = 752972BA2915E63E00640747 /* freshCiclidView.swift */; };
		752972BD2915E73200640747 /* freshPondView.swift in Sources */ = {isa = PBXBuildFile; fileRef = 752972BC2915E73200640747 /* freshPondView.swift */; };
		752972C02916177200640747 /* aquarium.xcdatamodeld in Sources */ = {isa = PBXBuildFile; fileRef = 752972BE2916177200640747 /* aquarium.xcdatamodeld */; };
		75493C5D295FD66B0022D6E0 /* summaryView.swift in Sources */ = {isa = PBXBuildFile; fileRef = 75493C5C295FD66A0022D6E0 /* summaryView.swift */; };
		75590A1B291B6EA3005787F1 /* Datacontroller.swift in Sources */ = {isa = PBXBuildFile; fileRef = 75590A1A291B6EA3005787F1 /* Datacontroller.swift */; };
		75A3F8542908D8B700B300F1 /* aquarium_monitorApp.swift in Sources */ = {isa = PBXBuildFile; fileRef = 75A3F8532908D8B700B300F1 /* aquarium_monitorApp.swift */; };
		75A3F8562908D8B700B300F1 /* ContentView.swift in Sources */ = {isa = PBXBuildFile; fileRef = 75A3F8552908D8B700B300F1 /* ContentView.swift */; };
		75A3F8582908D8B900B300F1 /* Assets.xcassets in Resources */ = {isa = PBXBuildFile; fileRef = 75A3F8572908D8B900B300F1 /* Assets.xcassets */; };
		75A3F85B2908D8B900B300F1 /* Preview Assets.xcassets in Resources */ = {isa = PBXBuildFile; fileRef = 75A3F85A2908D8B900B300F1 /* Preview Assets.xcassets */; };
		75A3F8622908E14D00B300F1 /* reefView.swift in Sources */ = {isa = PBXBuildFile; fileRef = 75A3F8612908E14D00B300F1 /* reefView.swift */; };
/* End PBXBuildFile section */

/* Begin PBXFileReference section */
		752972AC2915E40800640747 /* marineView.swift */ = {isa = PBXFileReference; lastKnownFileType = sourcecode.swift; path = marineView.swift; sourceTree = "<group>"; };
		752972B62915E5B900640747 /* freshCommunityView.swift */ = {isa = PBXFileReference; lastKnownFileType = sourcecode.swift; path = freshCommunityView.swift; sourceTree = "<group>"; };
		752972B82915E61200640747 /* freshDiscusView.swift */ = {isa = PBXFileReference; lastKnownFileType = sourcecode.swift; path = freshDiscusView.swift; sourceTree = "<group>"; };
		752972BA2915E63E00640747 /* freshCiclidView.swift */ = {isa = PBXFileReference; lastKnownFileType = sourcecode.swift; path = freshCiclidView.swift; sourceTree = "<group>"; };
		752972BC2915E73200640747 /* freshPondView.swift */ = {isa = PBXFileReference; lastKnownFileType = sourcecode.swift; path = freshPondView.swift; sourceTree = "<group>"; };
		752972BF2916177200640747 /* aquarium.xcdatamodel */ = {isa = PBXFileReference; lastKnownFileType = wrapper.xcdatamodel; path = aquarium.xcdatamodel; sourceTree = "<group>"; };
		75493C5C295FD66A0022D6E0 /* summaryView.swift */ = {isa = PBXFileReference; lastKnownFileType = sourcecode.swift; path = summaryView.swift; sourceTree = "<group>"; };
		75590A1A291B6EA3005787F1 /* Datacontroller.swift */ = {isa = PBXFileReference; lastKnownFileType = sourcecode.swift; path = Datacontroller.swift; sourceTree = "<group>"; };
		75A3F8502908D8B700B300F1 /* aquarium_monitor.app */ = {isa = PBXFileReference; explicitFileType = wrapper.application; includeInIndex = 0; path = aquarium_monitor.app; sourceTree = BUILT_PRODUCTS_DIR; };
		75A3F8532908D8B700B300F1 /* aquarium_monitorApp.swift */ = {isa = PBXFileReference; lastKnownFileType = sourcecode.swift; path = aquarium_monitorApp.swift; sourceTree = "<group>"; };
		75A3F8552908D8B700B300F1 /* ContentView.swift */ = {isa = PBXFileReference; lastKnownFileType = sourcecode.swift; path = ContentView.swift; sourceTree = "<group>"; };
		75A3F8572908D8B900B300F1 /* Assets.xcassets */ = {isa = PBXFileReference; lastKnownFileType = folder.assetcatalog; path = Assets.xcassets; sourceTree = "<group>"; };
		75A3F85A2908D8B900B300F1 /* Preview Assets.xcassets */ = {isa = PBXFileReference; lastKnownFileType = folder.assetcatalog; path = "Preview Assets.xcassets"; sourceTree = "<group>"; };
		75A3F8612908E14D00B300F1 /* reefView.swift */ = {isa = PBXFileReference; lastKnownFileType = sourcecode.swift; path = reefView.swift; sourceTree = "<group>"; };
/* End PBXFileReference section */

/* Begin PBXFrameworksBuildPhase section */
		75A3F84D2908D8B700B300F1 /* Frameworks */ = {
			isa = PBXFrameworksBuildPhase;
			buildActionMask = 2147483647;
			files = (
			);
			runOnlyForDeploymentPostprocessing = 0;
		};
/* End PBXFrameworksBuildPhase section */

/* Begin PBXGroup section */
		75A3F8472908D8B700B300F1 = {
			isa = PBXGroup;
			children = (
				75A3F8522908D8B700B300F1 /* aquarium_monitor */,
				75A3F8512908D8B700B300F1 /* Products */,
			);
			sourceTree = "<group>";
		};
		75A3F8512908D8B700B300F1 /* Products */ = {
			isa = PBXGroup;
			children = (
				75A3F8502908D8B700B300F1 /* aquarium_monitor.app */,
			);
			name = Products;
			sourceTree = "<group>";
		};
		75A3F8522908D8B700B300F1 /* aquarium_monitor */ = {
			isa = PBXGroup;
			children = (
				75A3F8532908D8B700B300F1 /* aquarium_monitorApp.swift */,
				75A3F8552908D8B700B300F1 /* ContentView.swift */,
				75590A1A291B6EA3005787F1 /* Datacontroller.swift */,
				752972BE2916177200640747 /* aquarium.xcdatamodeld */,
				75493C5C295FD66A0022D6E0 /* summaryView.swift */,
				752972BC2915E73200640747 /* freshPondView.swift */,
				752972BA2915E63E00640747 /* freshCiclidView.swift */,
				752972B82915E61200640747 /* freshDiscusView.swift */,
				752972B62915E5B900640747 /* freshCommunityView.swift */,
				752972AC2915E40800640747 /* marineView.swift */,
				75A3F8612908E14D00B300F1 /* reefView.swift */,
				75A3F8572908D8B900B300F1 /* Assets.xcassets */,
				75A3F8592908D8B900B300F1 /* Preview Content */,
			);
			path = aquarium_monitor;
			sourceTree = "<group>";
		};
		75A3F8592908D8B900B300F1 /* Preview Content */ = {
			isa = PBXGroup;
			children = (
				75A3F85A2908D8B900B300F1 /* Preview Assets.xcassets */,
			);
			path = "Preview Content";
			sourceTree = "<group>";
		};
/* End PBXGroup section */

/* Begin PBXNativeTarget section */
		75A3F84F2908D8B700B300F1 /* aquarium_monitor */ = {
			isa = PBXNativeTarget;
			buildConfigurationList = 75A3F85E2908D8B900B300F1 /* Build configuration list for PBXNativeTarget "aquarium_monitor" */;
			buildPhases = (
				75A3F84C2908D8B700B300F1 /* Sources */,
				75A3F84D2908D8B700B300F1 /* Frameworks */,
				75A3F84E2908D8B700B300F1 /* Resources */,
			);
			buildRules = (
			);
			dependencies = (
			);
			name = aquarium_monitor;
			productName = aquarium_monitor;
			productReference = 75A3F8502908D8B700B300F1 /* aquarium_monitor.app */;
			productType = "com.apple.product-type.application";
		};
/* End PBXNativeTarget section */

/* Begin PBXProject section */
		75A3F8482908D8B700B300F1 /* Project object */ = {
			isa = PBXProject;
			attributes = {
				BuildIndependentTargetsInParallel = 1;
				LastSwiftUpdateCheck = 1400;
				LastUpgradeCheck = 1400;
				TargetAttributes = {
					75A3F84F2908D8B700B300F1 = {
						CreatedOnToolsVersion = 14.0.1;
					};
				};
			};
			buildConfigurationList = 75A3F84B2908D8B700B300F1 /* Build configuration list for PBXProject "aquarium_monitor" */;
			compatibilityVersion = "Xcode 14.0";
			developmentRegion = en;
			hasScannedForEncodings = 0;
			knownRegions = (
				en,
				Base,
			);
			mainGroup = 75A3F8472908D8B700B300F1;
			productRefGroup = 75A3F8512908D8B700B300F1 /* Products */;
			projectDirPath = "";
			projectRoot = "";
			targets = (
				75A3F84F2908D8B700B300F1 /* aquarium_monitor */,
			);
		};
/* End PBXProject section */

/* Begin PBXResourcesBuildPhase section */
		75A3F84E2908D8B700B300F1 /* Resources */ = {
			isa = PBXResourcesBuildPhase;
			buildActionMask = 2147483647;
			files = (
				75A3F85B2908D8B900B300F1 /* Preview Assets.xcassets in Resources */,
				75A3F8582908D8B900B300F1 /* Assets.xcassets in Resources */,
			);
			runOnlyForDeploymentPostprocessing = 0;
		};
/* End PBXResourcesBuildPhase section */

/* Begin PBXSourcesBuildPhase section */
		75A3F84C2908D8B700B300F1 /* Sources */ = {
			isa = PBXSourcesBuildPhase;
			buildActionMask = 2147483647;
			files = (
				752972B72915E5B900640747 /* freshCommunityView.swift in Sources */,
				75A3F8562908D8B700B300F1 /* ContentView.swift in Sources */,
				752972BD2915E73200640747 /* freshPondView.swift in Sources */,
				752972B92915E61200640747 /* freshDiscusView.swift in Sources */,
				75A3F8542908D8B700B300F1 /* aquarium_monitorApp.swift in Sources */,
				752972BB2915E63E00640747 /* freshCiclidView.swift in Sources */,
				752972AD2915E40800640747 /* marineView.swift in Sources */,
				75590A1B291B6EA3005787F1 /* Datacontroller.swift in Sources */,
				752972C02916177200640747 /* aquarium.xcdatamodeld in Sources */,
				75493C5D295FD66B0022D6E0 /* summaryView.swift in Sources */,
				75A3F8622908E14D00B300F1 /* reefView.swift in Sources */,
			);
			runOnlyForDeploymentPostprocessing = 0;
		};
/* End PBXSourcesBuildPhase section */

/* Begin XCBuildConfiguration section */
		75A3F85C2908D8B900B300F1 /* Debug */ = {
			isa = XCBuildConfiguration;
			buildSettings = {
				ALWAYS_SEARCH_USER_PATHS = NO;
				CLANG_ANALYZER_NONNULL = YES;
				CLANG_ANALYZER_NUMBER_OBJECT_CONVERSION = YES_AGGRESSIVE;
				CLANG_CXX_LANGUAGE_STANDARD = "gnu++20";
				CLANG_ENABLE_MODULES = YES;
				CLANG_ENABLE_OBJC_ARC = YES;
				CLANG_ENABLE_OBJC_WEAK = YES;
				CLANG_WARN_BLOCK_CAPTURE_AUTORELEASING = YES;
				CLANG_WARN_BOOL_CONVERSION = YES;
				CLANG_WARN_COMMA = YES;
				CLANG_WARN_CONSTANT_CONVERSION = YES;
				CLANG_WARN_DEPRECATED_OBJC_IMPLEMENTATIONS = YES;
				CLANG_WARN_DIRECT_OBJC_ISA_USAGE = YES_ERROR;
				CLANG_WARN_DOCUMENTATION_COMMENTS = YES;
				CLANG_WARN_EMPTY_BODY = YES;
				CLANG_WARN_ENUM_CONVERSION = YES;
				CLANG_WARN_INFINITE_RECURSION = YES;
				CLANG_WARN_INT_CONVERSION = YES;
				CLANG_WARN_NON_LITERAL_NULL_CONVERSION = YES;
				CLANG_WARN_OBJC_IMPLICIT_RETAIN_SELF = YES;
				CLANG_WARN_OBJC_LITERAL_CONVERSION = YES;
				CLANG_WARN_OBJC_ROOT_CLASS = YES_ERROR;
				CLANG_WARN_QUOTED_INCLUDE_IN_FRAMEWORK_HEADER = YES;
				CLANG_WARN_RANGE_LOOP_ANALYSIS = YES;
				CLANG_WARN_STRICT_PROTOTYPES = YES;
				CLANG_WARN_SUSPICIOUS_MOVE = YES;
				CLANG_WARN_UNGUARDED_AVAILABILITY = YES_AGGRESSIVE;
				CLANG_WARN_UNREACHABLE_CODE = YES;
				CLANG_WARN__DUPLICATE_METHOD_MATCH = YES;
				COPY_PHASE_STRIP = NO;
				DEBUG_INFORMATION_FORMAT = dwarf;
				ENABLE_STRICT_OBJC_MSGSEND = YES;
				ENABLE_TESTABILITY = YES;
				GCC_C_LANGUAGE_STANDARD = gnu11;
				GCC_DYNAMIC_NO_PIC = NO;
				GCC_NO_COMMON_BLOCKS = YES;
				GCC_OPTIMIZATION_LEVEL = 0;
				GCC_PREPROCESSOR_DEFINITIONS = (
					"DEBUG=1",
					"$(inherited)",
				);
				GCC_WARN_64_TO_32_BIT_CONVERSION = YES;
				GCC_WARN_ABOUT_RETURN_TYPE = YES_ERROR;
				GCC_WARN_UNDECLARED_SELECTOR = YES;
				GCC_WARN_UNINITIALIZED_AUTOS = YES_AGGRESSIVE;
				GCC_WARN_UNUSED_FUNCTION = YES;
				GCC_WARN_UNUSED_VARIABLE = YES;
				IPHONEOS_DEPLOYMENT_TARGET = 16.0;
				MTL_ENABLE_DEBUG_INFO = INCLUDE_SOURCE;
				MTL_FAST_MATH = YES;
				ONLY_ACTIVE_ARCH = YES;
				SDKROOT = iphoneos;
				SWIFT_ACTIVE_COMPILATION_CONDITIONS = DEBUG;
				SWIFT_OPTIMIZATION_LEVEL = "-Onone";
			};
			name = Debug;
		};
		75A3F85D2908D8B900B300F1 /* Release */ = {
			isa = XCBuildConfiguration;
			buildSettings = {
				ALWAYS_SEARCH_USER_PATHS = NO;
				CLANG_ANALYZER_NONNULL = YES;
				CLANG_ANALYZER_NUMBER_OBJECT_CONVERSION = YES_AGGRESSIVE;
				CLANG_CXX_LANGUAGE_STANDARD = "gnu++20";
				CLANG_ENABLE_MODULES = YES;
				CLANG_ENABLE_OBJC_ARC = YES;
				CLANG_ENABLE_OBJC_WEAK = YES;
				CLANG_WARN_BLOCK_CAPTURE_AUTORELEASING = YES;
				CLANG_WARN_BOOL_CONVERSION = YES;
				CLANG_WARN_COMMA = YES;
				CLANG_WARN_CONSTANT_CONVERSION = YES;
				CLANG_WARN_DEPRECATED_OBJC_IMPLEMENTATIONS = YES;
				CLANG_WARN_DIRECT_OBJC_ISA_USAGE = YES_ERROR;
				CLANG_WARN_DOCUMENTATION_COMMENTS = YES;
				CLANG_WARN_EMPTY_BODY = YES;
				CLANG_WARN_ENUM_CONVERSION = YES;
				CLANG_WARN_INFINITE_RECURSION = YES;
				CLANG_WARN_INT_CONVERSION = YES;
				CLANG_WARN_NON_LITERAL_NULL_CONVERSION = YES;
				CLANG_WARN_OBJC_IMPLICIT_RETAIN_SELF = YES;
				CLANG_WARN_OBJC_LITERAL_CONVERSION = YES;
				CLANG_WARN_OBJC_ROOT_CLASS = YES_ERROR;
				CLANG_WARN_QUOTED_INCLUDE_IN_FRAMEWORK_HEADER = YES;
				CLANG_WARN_RANGE_LOOP_ANALYSIS = YES;
				CLANG_WARN_STRICT_PROTOTYPES = YES;
				CLANG_WARN_SUSPICIOUS_MOVE = YES;
				CLANG_WARN_UNGUARDED_AVAILABILITY = YES_AGGRESSIVE;
				CLANG_WARN_UNREACHABLE_CODE = YES;
				CLANG_WARN__DUPLICATE_METHOD_MATCH = YES;
				COPY_PHASE_STRIP = NO;
				DEBUG_INFORMATION_FORMAT = "dwarf-with-dsym";
				ENABLE_NS_ASSERTIONS = NO;
				ENABLE_STRICT_OBJC_MSGSEND = YES;
				GCC_C_LANGUAGE_STANDARD = gnu11;
				GCC_NO_COMMON_BLOCKS = YES;
				GCC_WARN_64_TO_32_BIT_CONVERSION = YES;
				GCC_WARN_ABOUT_RETURN_TYPE = YES_ERROR;
				GCC_WARN_UNDECLARED_SELECTOR = YES;
				GCC_WARN_UNINITIALIZED_AUTOS = YES_AGGRESSIVE;
				GCC_WARN_UNUSED_FUNCTION = YES;
				GCC_WARN_UNUSED_VARIABLE = YES;
				IPHONEOS_DEPLOYMENT_TARGET = 16.0;
				MTL_ENABLE_DEBUG_INFO = NO;
				MTL_FAST_MATH = YES;
				SDKROOT = iphoneos;
				SWIFT_COMPILATION_MODE = wholemodule;
				SWIFT_OPTIMIZATION_LEVEL = "-O";
				VALIDATE_PRODUCT = YES;
			};
			name = Release;
		};
		75A3F85F2908D8B900B300F1 /* Debug */ = {
			isa = XCBuildConfiguration;
			buildSettings = {
				ASSETCATALOG_COMPILER_APPICON_NAME = AppIcon;
				ASSETCATALOG_COMPILER_GLOBAL_ACCENT_COLOR_NAME = AccentColor;
				CODE_SIGN_STYLE = Automatic;
				CURRENT_PROJECT_VERSION = 1;
				DEVELOPMENT_ASSET_PATHS = "\"aquarium_monitor/Preview Content\"";
				DEVELOPMENT_TEAM = 6GHRD46NS9;
				ENABLE_PREVIEWS = YES;
				GENERATE_INFOPLIST_FILE = YES;
				INFOPLIST_KEY_UIApplicationSceneManifest_Generation = YES;
				INFOPLIST_KEY_UIApplicationSupportsIndirectInputEvents = YES;
				INFOPLIST_KEY_UILaunchScreen_Generation = YES;
				INFOPLIST_KEY_UISupportedInterfaceOrientations_iPad = "UIInterfaceOrientationPortrait UIInterfaceOrientationPortraitUpsideDown UIInterfaceOrientationLandscapeLeft UIInterfaceOrientationLandscapeRight";
				INFOPLIST_KEY_UISupportedInterfaceOrientations_iPhone = "UIInterfaceOrientationPortrait UIInterfaceOrientationLandscapeLeft UIInterfaceOrientationLandscapeRight";
				LD_RUNPATH_SEARCH_PATHS = (
					"$(inherited)",
					"@executable_path/Frameworks",
				);
				MARKETING_VERSION = 1.0;
				PRODUCT_BUNDLE_IDENTIFIER = "com.bootlegB.aquarium-monitor";
				PRODUCT_NAME = "$(TARGET_NAME)";
				SWIFT_EMIT_LOC_STRINGS = YES;
				SWIFT_VERSION = 5.0;
				TARGETED_DEVICE_FAMILY = "1,2";
			};
			name = Debug;
		};
		75A3F8602908D8B900B300F1 /* Release */ = {
			isa = XCBuildConfiguration;
			buildSettings = {
				ASSETCATALOG_COMPILER_APPICON_NAME = AppIcon;
				ASSETCATALOG_COMPILER_GLOBAL_ACCENT_COLOR_NAME = AccentColor;
				CODE_SIGN_STYLE = Automatic;
				CURRENT_PROJECT_VERSION = 1;
				DEVELOPMENT_ASSET_PATHS = "\"aquarium_monitor/Preview Content\"";
				DEVELOPMENT_TEAM = 6GHRD46NS9;
				ENABLE_PREVIEWS = YES;
				GENERATE_INFOPLIST_FILE = YES;
				INFOPLIST_KEY_UIApplicationSceneManifest_Generation = YES;
				INFOPLIST_KEY_UIApplicationSupportsIndirectInputEvents = YES;
				INFOPLIST_KEY_UILaunchScreen_Generation = YES;
				INFOPLIST_KEY_UISupportedInterfaceOrientations_iPad = "UIInterfaceOrientationPortrait UIInterfaceOrientationPortraitUpsideDown UIInterfaceOrientationLandscapeLeft UIInterfaceOrientationLandscapeRight";
				INFOPLIST_KEY_UISupportedInterfaceOrientations_iPhone = "UIInterfaceOrientationPortrait UIInterfaceOrientationLandscapeLeft UIInterfaceOrientationLandscapeRight";
				LD_RUNPATH_SEARCH_PATHS = (
					"$(inherited)",
					"@executable_path/Frameworks",
				);
				MARKETING_VERSION = 1.0;
				PRODUCT_BUNDLE_IDENTIFIER = "com.bootlegB.aquarium-monitor";
				PRODUCT_NAME = "$(TARGET_NAME)";
				SWIFT_EMIT_LOC_STRINGS = YES;
				SWIFT_VERSION = 5.0;
				TARGETED_DEVICE_FAMILY = "1,2";
			};
			name = Release;
		};
/* End XCBuildConfiguration section */

/* Begin XCConfigurationList section */
		75A3F84B2908D8B700B300F1 /* Build configuration list for PBXProject "aquarium_monitor" */ = {
			isa = XCConfigurationList;
			buildConfigurations = (
				75A3F85C2908D8B900B300F1 /* Debug */,
				75A3F85D2908D8B900B300F1 /* Release */,
			);
			defaultConfigurationIsVisible = 0;
			defaultConfigurationName = Release;
		};
		75A3F85E2908D8B900B300F1 /* Build configuration list for PBXNativeTarget "aquarium_monitor" */ = {
			isa = XCConfigurationList;
			buildConfigurations = (
				75A3F85F2908D8B900B300F1 /* Debug */,
				75A3F8602908D8B900B300F1 /* Release */,
			);
			defaultConfigurationIsVisible = 0;
			defaultConfigurationName = Release;
		};
/* End XCConfigurationList section */

/* Begin XCVersionGroup section */
		752972BE2916177200640747 /* aquarium.xcdatamodeld */ = {
			isa = XCVersionGroup;
			children = (
				752972BF2916177200640747 /* aquarium.xcdatamodel */,
			);
			currentVersion = 752972BF2916177200640747 /* aquarium.xcdatamodel */;
			path = aquarium.xcdatamodeld;
			sourceTree = "<group>";
			versionGroupType = wrapper.xcdatamodel;
		};
/* End XCVersionGroup section */
	};
	rootObject = 75A3F8482908D8B700B300F1 /* Project object */;
}
